
Microsoft Visual Studio Solution File, Format Version 12.00
# Visual Studio Version 17
VisualStudioVersion = 17.5.002.0
MinimumVisualStudioVersion = 10.0.40219.1
Project("{9A19103F-16F7-4668-BE54-9A1E7A4F7556}") = "NetCoreSvchost", "NetCoreSvchost.csproj", "{F5DC9505-C54D-4AD3-A85D-1A4093B865A9}"
EndProject
Project("{FAE04EC0-301F-11D3-BF4B-00C04F79EFBC}") = "NetCoreScvhost.Contract", "..\NetCoreScvhost.Contract\NetCoreScvhost.Contract.csproj", "{0D19F809-040B-4B21-A213-F297EE6311B6}"
EndProject
Project("{FAE04EC0-301F-11D3-BF4B-00C04F79EFBC}") = "NetCoreScvhost.Impl", "..\NetCoreScvhost.Impl\NetCoreScvhost.Impl.csproj", "{0E3FCF83-37F8-4C4C-A81F-B407CF4816D5}"
EndProject
Global
	GlobalSection(SolutionConfigurationPlatforms) = preSolution
		Debug|Any CPU = Debug|Any CPU
		Debug|x64 = Debug|x64
		Release|Any CPU = Release|Any CPU
		Release|x64 = Release|x64
	EndGlobalSection
	GlobalSection(ProjectConfigurationPlatforms) = postSolution
		{F5DC9505-C54D-4AD3-A85D-1A4093B865A9}.Debug|Any CPU.ActiveCfg = Debug|Any CPU
		{F5DC9505-C54D-4AD3-A85D-1A4093B865A9}.Debug|Any CPU.Build.0 = Debug|Any CPU
		{F5DC9505-C54D-4AD3-A85D-1A4093B865A9}.Debug|x64.ActiveCfg = Debug|x64
		{F5DC9505-C54D-4AD3-A85D-1A4093B865A9}.Debug|x64.Build.0 = Debug|x64
		{F5DC9505-C54D-4AD3-A85D-1A4093B865A9}.Release|Any CPU.ActiveCfg = Release|Any CPU
		{F5DC9505-C54D-4AD3-A85D-1A4093B865A9}.Release|Any CPU.Build.0 = Release|Any CPU
		{F5DC9505-C54D-4AD3-A85D-1A4093B865A9}.Release|x64.ActiveCfg = Release|x64
		{F5DC9505-C54D-4AD3-A85D-1A4093B865A9}.Release|x64.Build.0 = Release|x64
		{0D19F809-040B-4B21-A213-F297EE6311B6}.Debug|Any CPU.ActiveCfg = Debug|Any CPU
		{0D19F809-040B-4B21-A213-F297EE6311B6}.Debug|Any CPU.Build.0 = Debug|Any CPU
		{0D19F809-040B-4B21-A213-F297EE6311B6}.Debug|x64.ActiveCfg = Debug|Any CPU
		{0D19F809-040B-4B21-A213-F297EE6311B6}.Debug|x64.Build.0 = Debug|Any CPU
		{0D19F809-040B-4B21-A213-F297EE6311B6}.Release|Any CPU.ActiveCfg = Release|Any CPU
		{0D19F809-040B-4B21-A213-F297EE6311B6}.Release|Any CPU.Build.0 = Release|Any CPU
		{0D19F809-040B-4B21-A213-F297EE6311B6}.Release|x64.ActiveCfg = Release|Any CPU
		{0D19F809-040B-4B21-A213-F297EE6311B6}.Release|x64.Build.0 = Release|Any CPU
		{0E3FCF83-37F8-4C4C-A81F-B407CF4816D5}.Debug|Any CPU.ActiveCfg = Debug|Any CPU
		{0E3FCF83-37F8-4C4C-A81F-B407CF4816D5}.Debug|Any CPU.Build.0 = Debug|Any CPU
		{0E3FCF83-37F8-4C4C-A81F-B407CF4816D5}.Debug|x64.ActiveCfg = Debug|Any CPU
		{0E3FCF83-37F8-4C4C-A81F-B407CF4816D5}.Debug|x64.Build.0 = Debug|Any CPU
		{0E3FCF83-37F8-4C4C-A81F-B407CF4816D5}.Release|Any CPU.ActiveCfg = Release|Any CPU
		{0E3FCF83-37F8-4C4C-A81F-B407CF4816D5}.Release|Any CPU.Build.0 = Release|Any CPU
		{0E3FCF83-37F8-4C4C-A81F-B407CF4816D5}.Release|x64.ActiveCfg = Release|Any CPU
		{0E3FCF83-37F8-4C4C-A81F-B407CF4816D5}.Release|x64.Build.0 = Release|Any CPU
	EndGlobalSection
	GlobalSection(SolutionProperties) = preSolution
		HideSolutionNode = FALSE
	EndGlobalSection
	GlobalSection(ExtensibilityGlobals) = postSolution
		SolutionGuid = {2DDBC3E4-C0D1-4E1F-B1B2-1169D7A24175}
	EndGlobalSection
EndGlobal
